{
    "_readme": [
        "This file locks the dependencies of your project to a known state",
        "Read more about it at https://getcomposer.org/doc/01-basic-usage.md#composer-lock-the-lock-file",
        "This file is @generated automatically"
    ],
    "content-hash": "57e6225f3c26c395918d776ec80a3dab",
    "packages": [
        {
            "name": "templado/engine",
            "version": "2.0.0",
            "source": {
                "type": "git",
                "url": "https://github.com/templado/engine.git",
                "reference": "d45b070713673481a1f2670cc98dd020ed661c9c"
            },
            "dist": {
                "type": "zip",
                "url": "https://api.github.com/repos/templado/engine/zipball/d45b070713673481a1f2670cc98dd020ed661c9c",
                "reference": "d45b070713673481a1f2670cc98dd020ed661c9c",
                "shasum": ""
            },
            "require": {
                "ext-dom": "*",
                "ext-libxml": "*",
                "php": "^7.0"
            },
            "type": "library",
            "autoload": {
                "classmap": [
                    "src/"
                ]
            },
            "notification-url": "https://packagist.org/downloads/",
            "license": [
                "BSD-3-Clause"
            ],
            "authors": [
                {
                    "name": "Arne Blankerts",
                    "email": "arne@blankerts.de",
                    "role": "Developer"
                }
            ],
            "description": "A pragmatic approach to templating for PHP 7.x",
            "time": "2017-08-02T20:44:41+00:00"
        }
    ],
    "packages-dev": [],
    "aliases": [],
    "minimum-stability": "stable",
    "stability-flags": [],
    "prefer-stable": true,
    "prefer-lowest": false,
    "platform": {
        "php": "^7.0",
        "ext-dom": "*"
    },
    "platform-dev": []
}
